
Microsoft Visual Studio Solution File, Format Version 12.00
# Visual Studio Version 17
VisualStudioVersion = 17.5.33530.505
MinimumVisualStudioVersion = 10.0.40219.1
Project("{FAE04EC0-301F-11D3-BF4B-00C04F79EFBC}") = "Calculater", "Calculater\Calculater.csproj", "{A5A75AF6-0867-4806-94BB-E8B12B7C4324}"
EndProject
Global
	GlobalSection(SolutionConfigurationPlatforms) = preSolution
		Debug|Any CPU = Debug|Any CPU
		Release|Any CPU = Release|Any CPU
	EndGlobalSection
	GlobalSection(ProjectConfigurationPlatforms) = postSolution
		{A5A75AF6-0867-4806-94BB-E8B12B7C4324}.Debug|Any CPU.ActiveCfg = Debug|Any CPU
		{A5A75AF6-0867-4806-94BB-E8B12B7C4324}.Debug|Any CPU.Build.0 = Debug|Any CPU
		{A5A75AF6-0867-4806-94BB-E8B12B7C4324}.Release|Any CPU.ActiveCfg = Release|Any CPU
		{A5A75AF6-0867-4806-94BB-E8B12B7C4324}.Release|Any CPU.Build.0 = Release|Any CPU
	EndGlobalSection
	GlobalSection(SolutionProperties) = preSolution
		HideSolutionNode = FALSE
	EndGlobalSection
	GlobalSection(ExtensibilityGlobals) = postSolution
		SolutionGuid = {69E4CF66-5776-45D5-90BB-181316C4934A}
	EndGlobalSection
EndGlobal
